
Microsoft Visual Studio Solution File, Format Version 12.00
# Visual Studio Version 17
VisualStudioVersion = 17.8.34601.278
MinimumVisualStudioVersion = 10.0.40219.1
Project("{FAE04EC0-301F-11D3-BF4B-00C04F79EFBC}") = "ImpuestoMedicina", "ImpuestoMedicina\ImpuestoMedicina.csproj", "{A466ED5F-8588-4E02-A31A-FD9BC3A57907}"
EndProject
Global
	GlobalSection(SolutionConfigurationPlatforms) = preSolution
		Debug|Any CPU = Debug|Any CPU
		Release|Any CPU = Release|Any CPU
	EndGlobalSection
	GlobalSection(ProjectConfigurationPlatforms) = postSolution
		{A466ED5F-8588-4E02-A31A-FD9BC3A57907}.Debug|Any CPU.ActiveCfg = Debug|Any CPU
		{A466ED5F-8588-4E02-A31A-FD9BC3A57907}.Debug|Any CPU.Build.0 = Debug|Any CPU
		{A466ED5F-8588-4E02-A31A-FD9BC3A57907}.Release|Any CPU.ActiveCfg = Release|Any CPU
		{A466ED5F-8588-4E02-A31A-FD9BC3A57907}.Release|Any CPU.Build.0 = Release|Any CPU
	EndGlobalSection
	GlobalSection(SolutionProperties) = preSolution
		HideSolutionNode = FALSE
	EndGlobalSection
	GlobalSection(ExtensibilityGlobals) = postSolution
		SolutionGuid = {9CDEB648-0534-4090-A7D8-56EB483CA6D9}
	EndGlobalSection
EndGlobal
